
Microsoft Visual Studio Solution File, Format Version 12.00
# Visual Studio Version 17
VisualStudioVersion = 17.5.33424.131
MinimumVisualStudioVersion = 10.0.40219.1
Project("{FAE04EC0-301F-11D3-BF4B-00C04F79EFBC}") = "lucas_2.0", "lucas_2.0\lucas_2.0.csproj", "{15E4AC1D-4ECE-4092-9BF9-5F166AFEE244}"
EndProject
Global
	GlobalSection(SolutionConfigurationPlatforms) = preSolution
		Debug|Any CPU = Debug|Any CPU
		Release|Any CPU = Release|Any CPU
	EndGlobalSection
	GlobalSection(ProjectConfigurationPlatforms) = postSolution
		{15E4AC1D-4ECE-4092-9BF9-5F166AFEE244}.Debug|Any CPU.ActiveCfg = Debug|Any CPU
		{15E4AC1D-4ECE-4092-9BF9-5F166AFEE244}.Debug|Any CPU.Build.0 = Debug|Any CPU
		{15E4AC1D-4ECE-4092-9BF9-5F166AFEE244}.Release|Any CPU.ActiveCfg = Release|Any CPU
		{15E4AC1D-4ECE-4092-9BF9-5F166AFEE244}.Release|Any CPU.Build.0 = Release|Any CPU
	EndGlobalSection
	GlobalSection(SolutionProperties) = preSolution
		HideSolutionNode = FALSE
	EndGlobalSection
	GlobalSection(ExtensibilityGlobals) = postSolution
		SolutionGuid = {28118A78-92DB-4928-A32E-4F657FEA319D}
	EndGlobalSection
EndGlobal
